
Microsoft Visual Studio Solution File, Format Version 12.00
# Visual Studio Version 17
VisualStudioVersion = 17.8.34511.84
MinimumVisualStudioVersion = 10.0.40219.1
Project("{FAE04EC0-301F-11D3-BF4B-00C04F79EFBC}") = "pr.9.01.04", "pr.9.01.04\pr.9.01.04.csproj", "{001DCCAF-010F-4E7A-AFAE-94604CA42A01}"
EndProject
Global
	GlobalSection(SolutionConfigurationPlatforms) = preSolution
		Debug|Any CPU = Debug|Any CPU
		Release|Any CPU = Release|Any CPU
	EndGlobalSection
	GlobalSection(ProjectConfigurationPlatforms) = postSolution
		{001DCCAF-010F-4E7A-AFAE-94604CA42A01}.Debug|Any CPU.ActiveCfg = Debug|Any CPU
		{001DCCAF-010F-4E7A-AFAE-94604CA42A01}.Debug|Any CPU.Build.0 = Debug|Any CPU
		{001DCCAF-010F-4E7A-AFAE-94604CA42A01}.Release|Any CPU.ActiveCfg = Release|Any CPU
		{001DCCAF-010F-4E7A-AFAE-94604CA42A01}.Release|Any CPU.Build.0 = Release|Any CPU
	EndGlobalSection
	GlobalSection(SolutionProperties) = preSolution
		HideSolutionNode = FALSE
	EndGlobalSection
	GlobalSection(ExtensibilityGlobals) = postSolution
		SolutionGuid = {1E531F11-662D-4158-9900-B97E75B96B58}
	EndGlobalSection
EndGlobal
